
Microsoft Visual Studio Solution File, Format Version 12.00
# Visual Studio Version 16
VisualStudioVersion = 16.0.31911.196
MinimumVisualStudioVersion = 10.0.40219.1
Project("{FAE04EC0-301F-11D3-BF4B-00C04F79EFBC}") = "DataModel", "DataModel\DataModel.csproj", "{43AE6CD6-A4FA-4262-BF20-2BD1D6919DD7}"
EndProject
Global
	GlobalSection(SolutionConfigurationPlatforms) = preSolution
		Debug|Any CPU = Debug|Any CPU
		Release|Any CPU = Release|Any CPU
	EndGlobalSection
	GlobalSection(ProjectConfigurationPlatforms) = postSolution
		{43AE6CD6-A4FA-4262-BF20-2BD1D6919DD7}.Debug|Any CPU.ActiveCfg = Debug|Any CPU
		{43AE6CD6-A4FA-4262-BF20-2BD1D6919DD7}.Debug|Any CPU.Build.0 = Debug|Any CPU
		{43AE6CD6-A4FA-4262-BF20-2BD1D6919DD7}.Release|Any CPU.ActiveCfg = Release|Any CPU
		{43AE6CD6-A4FA-4262-BF20-2BD1D6919DD7}.Release|Any CPU.Build.0 = Release|Any CPU
	EndGlobalSection
	GlobalSection(SolutionProperties) = preSolution
		HideSolutionNode = FALSE
	EndGlobalSection
	GlobalSection(ExtensibilityGlobals) = postSolution
		SolutionGuid = {2A6FC133-443E-4A12-A8D0-0755BC3343E8}
	EndGlobalSection
EndGlobal
